
Microsoft Visual Studio Solution File, Format Version 12.00
# Visual Studio Version 17
VisualStudioVersion = 17.3.32901.215
MinimumVisualStudioVersion = 10.0.40219.1
Project("{FAE04EC0-301F-11D3-BF4B-00C04F79EFBC}") = "HomeworkToday", "HomeworkToday\HomeworkToday.csproj", "{0A0502E8-8666-4BF9-8ACE-755A1708C387}"
EndProject
Global
	GlobalSection(SolutionConfigurationPlatforms) = preSolution
		Debug|Any CPU = Debug|Any CPU
		Release|Any CPU = Release|Any CPU
	EndGlobalSection
	GlobalSection(ProjectConfigurationPlatforms) = postSolution
		{0A0502E8-8666-4BF9-8ACE-755A1708C387}.Debug|Any CPU.ActiveCfg = Debug|Any CPU
		{0A0502E8-8666-4BF9-8ACE-755A1708C387}.Debug|Any CPU.Build.0 = Debug|Any CPU
		{0A0502E8-8666-4BF9-8ACE-755A1708C387}.Release|Any CPU.ActiveCfg = Release|Any CPU
		{0A0502E8-8666-4BF9-8ACE-755A1708C387}.Release|Any CPU.Build.0 = Release|Any CPU
	EndGlobalSection
	GlobalSection(SolutionProperties) = preSolution
		HideSolutionNode = FALSE
	EndGlobalSection
	GlobalSection(ExtensibilityGlobals) = postSolution
		SolutionGuid = {3A71F43B-0E30-42CF-8C36-81E181B490F6}
	EndGlobalSection
EndGlobal
